
Microsoft Visual Studio Solution File, Format Version 12.00
# Visual Studio 15
VisualStudioVersion = 15.0.27004.2009
MinimumVisualStudioVersion = 10.0.40219.1
Project("{FAE04EC0-301F-11D3-BF4B-00C04F79EFBC}") = "CppInvokeSampleApp", "CppInvokeSampleApp\CppInvokeSampleApp.csproj", "{879B38F9-E6D1-4E2A-AADB-D60B115B1740}"
EndProject
Global
	GlobalSection(SolutionConfigurationPlatforms) = preSolution
		Debug|Any CPU = Debug|Any CPU
		Release|Any CPU = Release|Any CPU
	EndGlobalSection
	GlobalSection(ProjectConfigurationPlatforms) = postSolution
		{879B38F9-E6D1-4E2A-AADB-D60B115B1740}.Debug|Any CPU.ActiveCfg = Debug|Any CPU
		{879B38F9-E6D1-4E2A-AADB-D60B115B1740}.Debug|Any CPU.Build.0 = Debug|Any CPU
		{879B38F9-E6D1-4E2A-AADB-D60B115B1740}.Release|Any CPU.ActiveCfg = Release|Any CPU
		{879B38F9-E6D1-4E2A-AADB-D60B115B1740}.Release|Any CPU.Build.0 = Release|Any CPU
	EndGlobalSection
	GlobalSection(SolutionProperties) = preSolution
		HideSolutionNode = FALSE
	EndGlobalSection
	GlobalSection(ExtensibilityGlobals) = postSolution
		SolutionGuid = {6BB3AC0E-F0BB-4E61-A262-B70B3CB560C3}
	EndGlobalSection
EndGlobal
